
Microsoft Visual Studio Solution File, Format Version 11.00
# Visual Studio 2010
Project("{FAE04EC0-301F-11D3-BF4B-00C04F79EFBC}") = "MuMechLib", "MuMechLib.csproj", "{075BAAD5-7DB7-419A-B954-934393808363}"
EndProject
Global
	GlobalSection(SolutionConfigurationPlatforms) = preSolution
		Debug|Any CPU = Debug|Any CPU
		Release|Any CPU = Release|Any CPU
	EndGlobalSection
	GlobalSection(ProjectConfigurationPlatforms) = postSolution
		{075BAAD5-7DB7-419A-B954-934393808363}.Debug|Any CPU.ActiveCfg = Debug|Any CPU
		{075BAAD5-7DB7-419A-B954-934393808363}.Debug|Any CPU.Build.0 = Debug|Any CPU
		{075BAAD5-7DB7-419A-B954-934393808363}.Release|Any CPU.ActiveCfg = Release|Any CPU
		{075BAAD5-7DB7-419A-B954-934393808363}.Release|Any CPU.Build.0 = Release|Any CPU
	EndGlobalSection
	GlobalSection(SolutionProperties) = preSolution
		HideSolutionNode = FALSE
	EndGlobalSection
EndGlobal
